dependencies:
- name: cert-manager
  repository: https://charts.jetstack.io
  version: v1.14.5
- name: spin-operator
  repository: oci://ghcr.io/spinkube/charts
  version: 0.2.0
digest: sha256:25cf081ab3e1d19605fdad8e628afacbaee337d8b686efbc8f3edcd1a2792112
generated: "2024-06-03T14:56:03.109061-06:00"
